// !$*UTF8*$!
{
	archiveVersion = 1;
	classes = {
	};
	objectVersion = 46;
	objects = {

/* Begin PBXBuildFile section */
		2BC6861B1E73199400E6FE51 /* GUtils.m in Sources */ = {isa = PBXBuildFile; fileRef = 2BC6861A1E73199400E6FE51 /* GUtils.m */; };
		2BC6861C1E73199400E6FE51 /* GUtils.h in CopyFiles */ = {isa = PBXBuildFile; fileRef = 2BC686191E73199400E6FE51 /* GUtils.h */; };
		2BC6862B1E731A3600E6FE51 /* UIColor+YYAdd.m in Sources */ = {isa = PBXBuildFile; fileRef = 2BC686281E731A3600E6FE51 /* UIColor+YYAdd.m */; };
		2BC6862C1E731A3600E6FE51 /* UIView+FSAdd.m in Sources */ = {isa = PBXBuildFile; fileRef = 2BC6862A1E731A3600E6FE51 /* UIView+FSAdd.m */; };
/* End PBXBuildFile section */

/* Begin PBXCopyFilesBuildPhase section */
		2BC686141E73199400E6FE51 /* CopyFiles */ = {
			isa = PBXCopyFilesBuildPhase;
			buildActionMask = 2147483647;
			dstPath = "include/$(PRODUCT_NAME)";
			dstSubfolderSpec = 16;
			files = (
				2BC6861C1E73199400E6FE51 /* GUtils.h in CopyFiles */,
			);
			runOnlyForDeploymentPostprocessing = 0;
		};
/* End PBXCopyFilesBuildPhase section */

/* Begin PBXFileReference section */
		2BC686161E73199400E6FE51 /* libGUtils.a */ = {isa = PBXFileReference; explicitFileType = archive.ar; includeInIndex = 0; path = libGUtils.a; sourceTree = BUILT_PRODUCTS_DIR; };
		2BC686191E73199400E6FE51 /* GUtils.h */ = {isa = PBXFileReference; lastKnownFileType = sourcecode.c.h; path = GUtils.h; sourceTree = "<group>"; };
		2BC6861A1E73199400E6FE51 /* GUtils.m */ = {isa = PBXFileReference; lastKnownFileType = sourcecode.c.objc; path = GUtils.m; sourceTree = "<group>"; };
		2BC686271E731A3600E6FE51 /* UIColor+YYAdd.h */ = {isa = PBXFileReference; fileEncoding = 4; lastKnownFileType = sourcecode.c.h; path = "UIColor+YYAdd.h"; sourceTree = "<group>"; };
		2BC686281E731A3600E6FE51 /* UIColor+YYAdd.m */ = {isa = PBXFileReference; fileEncoding = 4; lastKnownFileType = sourcecode.c.objc; path = "UIColor+YYAdd.m"; sourceTree = "<group>"; };
		2BC686291E731A3600E6FE51 /* UIView+FSAdd.h */ = {isa = PBXFileReference; fileEncoding = 4; lastKnownFileType = sourcecode.c.h; path = "UIView+FSAdd.h"; sourceTree = "<group>"; };
		2BC6862A1E731A3600E6FE51 /* UIView+FSAdd.m */ = {isa = PBXFileReference; fileEncoding = 4; lastKnownFileType = sourcecode.c.objc; path = "UIView+FSAdd.m"; sourceTree = "<group>"; };
/* End PBXFileReference section */

/* Begin PBXFrameworksBuildPhase section */
		2BC686131E73199400E6FE51 /* Frameworks */ = {
			isa = PBXFrameworksBuildPhase;
			buildActionMask = 2147483647;
			files = (
			);
			runOnlyForDeploymentPostprocessing = 0;
		};
/* End PBXFrameworksBuildPhase section */

/* Begin PBXGroup section */
		2BC6860D1E73199400E6FE51 = {
			isa = PBXGroup;
			children = (
				2BC686181E73199400E6FE51 /* GUtils */,
				2BC686171E73199400E6FE51 /* Products */,
			);
			sourceTree = "<group>";
		};
		2BC686171E73199400E6FE51 /* Products */ = {
			isa = PBXGroup;
			children = (
				2BC686161E73199400E6FE51 /* libGUtils.a */,
			);
			name = Products;
			sourceTree = "<group>";
		};
		2BC686181E73199400E6FE51 /* GUtils */ = {
			isa = PBXGroup;
			children = (
				2BC686271E731A3600E6FE51 /* UIColor+YYAdd.h */,
				2BC686281E731A3600E6FE51 /* UIColor+YYAdd.m */,
				2BC686291E731A3600E6FE51 /* UIView+FSAdd.h */,
				2BC6862A1E731A3600E6FE51 /* UIView+FSAdd.m */,
				2BC686191E73199400E6FE51 /* GUtils.h */,
				2BC6861A1E73199400E6FE51 /* GUtils.m */,
			);
			path = GUtils;
			sourceTree = "<group>";
		};
/* End PBXGroup section */

/* Begin PBXNativeTarget section */
		2BC686151E73199400E6FE51 /* GUtils */ = {
			isa = PBXNativeTarget;
			buildConfigurationList = 2BC6861F1E73199400E6FE51 /* Build configuration list for PBXNativeTarget "GUtils" */;
			buildPhases = (
				2BC686121E73199400E6FE51 /* Sources */,
				2BC686131E73199400E6FE51 /* Frameworks */,
				2BC686141E73199400E6FE51 /* CopyFiles */,
			);
			buildRules = (
			);
			dependencies = (
			);
			name = GUtils;
			productName = GUtils;
			productReference = 2BC686161E73199400E6FE51 /* libGUtils.a */;
			productType = "com.apple.product-type.library.static";
		};
/* End PBXNativeTarget section */

/* Begin PBXProject section */
		2BC6860E1E73199400E6FE51 /* Project object */ = {
			isa = PBXProject;
			attributes = {
				LastUpgradeCheck = 0820;
				ORGANIZATIONNAME = GIKI;
				TargetAttributes = {
					2BC686151E73199400E6FE51 = {
						CreatedOnToolsVersion = 8.2.1;
						DevelopmentTeam = RCF9CM736N;
						ProvisioningStyle = Automatic;
					};
				};
			};
			buildConfigurationList = 2BC686111E73199400E6FE51 /* Build configuration list for PBXProject "GUtils" */;
			compatibilityVersion = "Xcode 3.2";
			developmentRegion = English;
			hasScannedForEncodings = 0;
			knownRegions = (
				en,
			);
			mainGroup = 2BC6860D1E73199400E6FE51;
			productRefGroup = 2BC686171E73199400E6FE51 /* Products */;
			projectDirPath = "";
			projectRoot = "";
			targets = (
				2BC686151E73199400E6FE51 /* GUtils */,
			);
		};
/* End PBXProject section */

/* Begin PBXSourcesBuildPhase section */
		2BC686121E73199400E6FE51 /* Sources */ = {
			isa = PBXSourcesBuildPhase;
			buildActionMask = 2147483647;
			files = (
				2BC6861B1E73199400E6FE51 /* GUtils.m in Sources */,
				2BC6862B1E731A3600E6FE51 /* UIColor+YYAdd.m in Sources */,
				2BC6862C1E731A3600E6FE51 /* UIView+FSAdd.m in Sources */,
			);
			runOnlyForDeploymentPostprocessing = 0;
		};
/* End PBXSourcesBuildPhase section */

/* Begin XCBuildConfiguration section */
		2BC6861D1E73199400E6FE51 /* Debug */ = {
			isa = XCBuildConfiguration;
			buildSettings = {
				ALWAYS_SEARCH_USER_PATHS = NO;
				CLANG_ANALYZER_NONNULL = YES;
				CLANG_CXX_LANGUAGE_STANDARD = "gnu++0x";
				CLANG_CXX_LIBRARY = "libc++";
				CLANG_ENABLE_MODULES = YES;
				CLANG_ENABLE_OBJC_ARC = YES;
				CLANG_WARN_BOOL_CONVERSION = YES;
				CLANG_WARN_CONSTANT_CONVERSION = YES;
				CLANG_WARN_DIRECT_OBJC_ISA_USAGE = YES_ERROR;
				CLANG_WARN_DOCUMENTATION_COMMENTS = YES;
				CLANG_WARN_EMPTY_BODY = YES;
				CLANG_WARN_ENUM_CONVERSION = YES;
				CLANG_WARN_INFINITE_RECURSION = YES;
				CLANG_WARN_INT_CONVERSION = YES;
				CLANG_WARN_OBJC_ROOT_CLASS = YES_ERROR;
				CLANG_WARN_SUSPICIOUS_MOVE = YES;
				CLANG_WARN_UNREACHABLE_CODE = YES;
				CLANG_WARN__DUPLICATE_METHOD_MATCH = YES;
				"CODE_SIGN_IDENTITY[sdk=iphoneos*]" = "iPhone Developer";
				COPY_PHASE_STRIP = NO;
				DEBUG_INFORMATION_FORMAT = dwarf;
				ENABLE_STRICT_OBJC_MSGSEND = YES;
				ENABLE_TESTABILITY = YES;
				GCC_C_LANGUAGE_STANDARD = gnu99;
				GCC_DYNAMIC_NO_PIC = NO;
				GCC_NO_COMMON_BLOCKS = YES;
				GCC_OPTIMIZATION_LEVEL = 0;
				GCC_PREPROCESSOR_DEFINITIONS = (
					"DEBUG=1",
					"$(inherited)",
				);
				GCC_WARN_64_TO_32_BIT_CONVERSION = YES;
				GCC_WARN_ABOUT_RETURN_TYPE = YES_ERROR;
				GCC_WARN_UNDECLARED_SELECTOR = YES;
				GCC_WARN_UNINITIALIZED_AUTOS = YES_AGGRESSIVE;
				GCC_WARN_UNUSED_FUNCTION = YES;
				GCC_WARN_UNUSED_VARIABLE = YES;
				IPHONEOS_DEPLOYMENT_TARGET = 10.2;
				MTL_ENABLE_DEBUG_INFO = YES;
				ONLY_ACTIVE_ARCH = YES;
				SDKROOT = iphoneos;
			};
			name = Debug;
		};
		2BC6861E1E73199400E6FE51 /* Release */ = {
			isa = XCBuildConfiguration;
			buildSettings = {
				ALWAYS_SEARCH_USER_PATHS = NO;
				CLANG_ANALYZER_NONNULL = YES;
				CLANG_CXX_LANGUAGE_STANDARD = "gnu++0x";
				CLANG_CXX_LIBRARY = "libc++";
				CLANG_ENABLE_MODULES = YES;
				CLANG_ENABLE_OBJC_ARC = YES;
				CLANG_WARN_BOOL_CONVERSION = YES;
				CLANG_WARN_CONSTANT_CONVERSION = YES;
				CLANG_WARN_DIRECT_OBJC_ISA_USAGE = YES_ERROR;
				CLANG_WARN_DOCUMENTATION_COMMENTS = YES;
				CLANG_WARN_EMPTY_BODY = YES;
				CLANG_WARN_ENUM_CONVERSION = YES;
				CLANG_WARN_INFINITE_RECURSION = YES;
				CLANG_WARN_INT_CONVERSION = YES;
				CLANG_WARN_OBJC_ROOT_CLASS = YES_ERROR;
				CLANG_WARN_SUSPICIOUS_MOVE = YES;
				CLANG_WARN_UNREACHABLE_CODE = YES;
				CLANG_WARN__DUPLICATE_METHOD_MATCH = YES;
				"CODE_SIGN_IDENTITY[sdk=iphoneos*]" = "iPhone Developer";
				COPY_PHASE_STRIP = NO;
				DEBUG_INFORMATION_FORMAT = "dwarf-with-dsym";
				ENABLE_NS_ASSERTIONS = NO;
				ENABLE_STRICT_OBJC_MSGSEND = YES;
				GCC_C_LANGUAGE_STANDARD = gnu99;
				GCC_NO_COMMON_BLOCKS = YES;
				GCC_WARN_64_TO_32_BIT_CONVERSION = YES;
				GCC_WARN_ABOUT_RETURN_TYPE = YES_ERROR;
				GCC_WARN_UNDECLARED_SELECTOR = YES;
				GCC_WARN_UNINITIALIZED_AUTOS = YES_AGGRESSIVE;
				GCC_WARN_UNUSED_FUNCTION = YES;
				GCC_WARN_UNUSED_VARIABLE = YES;
				IPHONEOS_DEPLOYMENT_TARGET = 10.2;
				MTL_ENABLE_DEBUG_INFO = NO;
				SDKROOT = iphoneos;
				VALIDATE_PRODUCT = YES;
			};
			name = Release;
		};
		2BC686201E73199400E6FE51 /* Debug */ = {
			isa = XCBuildConfiguration;
			buildSettings = {
				DEVELOPMENT_TEAM = RCF9CM736N;
				OTHER_LDFLAGS = "-ObjC";
				PRODUCT_NAME = "$(TARGET_NAME)";
				SKIP_INSTALL = YES;
			};
			name = Debug;
		};
		2BC686211E73199400E6FE51 /* Release */ = {
			isa = XCBuildConfiguration;
			buildSettings = {
				DEVELOPMENT_TEAM = RCF9CM736N;
				OTHER_LDFLAGS = "-ObjC";
				PRODUCT_NAME = "$(TARGET_NAME)";
				SKIP_INSTALL = YES;
			};
			name = Release;
		};
/* End XCBuildConfiguration section */

/* Begin XCConfigurationList section */
		2BC686111E73199400E6FE51 /* Build configuration list for PBXProject "GUtils" */ = {
			isa = XCConfigurationList;
			buildConfigurations = (
				2BC6861D1E73199400E6FE51 /* Debug */,
				2BC6861E1E73199400E6FE51 /* Release */,
			);
			defaultConfigurationIsVisible = 0;
			defaultConfigurationName = Release;
		};
		2BC6861F1E73199400E6FE51 /* Build configuration list for PBXNativeTarget "GUtils" */ = {
			isa = XCConfigurationList;
			buildConfigurations = (
				2BC686201E73199400E6FE51 /* Debug */,
				2BC686211E73199400E6FE51 /* Release */,
			);
			defaultConfigurationIsVisible = 0;
		};
/* End XCConfigurationList section */
	};
	rootObject = 2BC6860E1E73199400E6FE51 /* Project object */;
}
